
Microsoft Visual Studio Solution File, Format Version 12.00
# Visual Studio 15
VisualStudioVersion = 15.0.28010.2026
MinimumVisualStudioVersion = 10.0.40219.1
Project("{9A19103F-16F7-4668-BE54-9A1E7A4F7556}") = "E.Gardener", "E.Gardener\E.Gardener.csproj", "{1F62A8AE-A668-4089-BD18-899B8D3FC0D1}"
EndProject
Project("{9A19103F-16F7-4668-BE54-9A1E7A4F7556}") = "ArduinoObserver", "ClassLibrary1\ArduinoObserver.csproj", "{F25524D0-330F-4F0E-AC75-4A548772425B}"
EndProject
Project("{FAE04EC0-301F-11D3-BF4B-00C04F79EFBC}") = "Repository", "Repository\Repository.csproj", "{FDEBE2B9-4BDA-45AF-BD26-50BBCCD7A4BE}"
EndProject
Project("{FAE04EC0-301F-11D3-BF4B-00C04F79EFBC}") = "Hubs", "Hubs\Hubs.csproj", "{B653240F-43A7-4F2A-8C67-9B9AE9EF9C5E}"
EndProject
Global
	GlobalSection(SolutionConfigurationPlatforms) = preSolution
		Debug|Any CPU = Debug|Any CPU
		Release|Any CPU = Release|Any CPU
	EndGlobalSection
	GlobalSection(ProjectConfigurationPlatforms) = postSolution
		{1F62A8AE-A668-4089-BD18-899B8D3FC0D1}.Debug|Any CPU.ActiveCfg = Debug|Any CPU
		{1F62A8AE-A668-4089-BD18-899B8D3FC0D1}.Debug|Any CPU.Build.0 = Debug|Any CPU
		{1F62A8AE-A668-4089-BD18-899B8D3FC0D1}.Release|Any CPU.ActiveCfg = Release|Any CPU
		{1F62A8AE-A668-4089-BD18-899B8D3FC0D1}.Release|Any CPU.Build.0 = Release|Any CPU
		{F25524D0-330F-4F0E-AC75-4A548772425B}.Debug|Any CPU.ActiveCfg = Debug|Any CPU
		{F25524D0-330F-4F0E-AC75-4A548772425B}.Debug|Any CPU.Build.0 = Debug|Any CPU
		{F25524D0-330F-4F0E-AC75-4A548772425B}.Release|Any CPU.ActiveCfg = Release|Any CPU
		{F25524D0-330F-4F0E-AC75-4A548772425B}.Release|Any CPU.Build.0 = Release|Any CPU
		{FDEBE2B9-4BDA-45AF-BD26-50BBCCD7A4BE}.Debug|Any CPU.ActiveCfg = Debug|Any CPU
		{FDEBE2B9-4BDA-45AF-BD26-50BBCCD7A4BE}.Debug|Any CPU.Build.0 = Debug|Any CPU
		{FDEBE2B9-4BDA-45AF-BD26-50BBCCD7A4BE}.Release|Any CPU.ActiveCfg = Release|Any CPU
		{FDEBE2B9-4BDA-45AF-BD26-50BBCCD7A4BE}.Release|Any CPU.Build.0 = Release|Any CPU
		{B653240F-43A7-4F2A-8C67-9B9AE9EF9C5E}.Debug|Any CPU.ActiveCfg = Debug|Any CPU
		{B653240F-43A7-4F2A-8C67-9B9AE9EF9C5E}.Debug|Any CPU.Build.0 = Debug|Any CPU
		{B653240F-43A7-4F2A-8C67-9B9AE9EF9C5E}.Release|Any CPU.ActiveCfg = Release|Any CPU
		{B653240F-43A7-4F2A-8C67-9B9AE9EF9C5E}.Release|Any CPU.Build.0 = Release|Any CPU
	EndGlobalSection
	GlobalSection(SolutionProperties) = preSolution
		HideSolutionNode = FALSE
	EndGlobalSection
	GlobalSection(ExtensibilityGlobals) = postSolution
		SolutionGuid = {F41481AE-0BE4-49C2-89B7-D9F2271C930E}
	EndGlobalSection
EndGlobal
